hash: 4dcb377462795bc8fb5c31272599a798759f523b5ec1dbbf9b9d32c89e0c7a8a
updated: 2018-09-28T13:39:09.28428174+02:00
imports:
- name: github.com/armon/go-metrics
  version: 3c58d8115a78a6879e5df75ae900846768d36895
- name: github.com/beorn7/perks
  version: 3a771d992973f24aa725d07868b467d1ddfceafb
  subpackages:
  - quantile
- name: github.com/cockroachdb/cmux
  version: 30d10be492927e2dcae0089c374c455d42414fcb
- name: github.com/coreos/go-oidc
  version: 1180514eaf4d9f38d0d19eef639a1d695e066e72
- name: github.com/gogo/protobuf
  version: c0656edd0d9eab7c66d1eb0c568f9039345796f7
  subpackages:
  - proto
- name: github.com/golang/protobuf
  version: aa810b61a9c79d51363740d207bb46cf8e620ed5
  subpackages:
  - proto
- name: github.com/golang/snappy
  version: 2e65f85255dbc3072edf28d6b5b8efc472979f5a
- name: github.com/hashicorp/errwrap
  version: 7554cd9344cec97297fa6649b055a8c98c2a1e55
- name: github.com/hashicorp/go-immutable-radix
  version: 27df80928bb34bb1b0d6d0e01b9e679902e7a6b5
- name: github.com/hashicorp/go-msgpack
  version: fa3f63826f7c23912c15263591e65d54d080b458
  subpackages:
  - codec
- name: github.com/hashicorp/go-multierror
  version: b7773ae218740a7be65057fc60b366a49b538a44
- name: github.com/hashicorp/go-sockaddr
  version: 6d291a969b86c4b633730bfc6b8b9d64c3aafed9
- name: github.com/hashicorp/golang-lru
  version: 20f1fb78b0740ba8c3cb143a61e86ba5c8669768
  subpackages:
  - simplelru
- name: github.com/hashicorp/memberlist
  version: b195c8e4fcc6284fff1583fd6ab09e68ca207551
- name: github.com/inconshreveable/mousetrap
  version: 76626ae9c91c4f2a10f34cad8ce83ea42c93bb75
- name: github.com/matttproud/golang_protobuf_extensions
  version: c12348ce28de40eed0136aa2b644d0ee0650e56c
  subpackages:
  - pbutil
- name: github.com/miekg/dns
  version: e875a31a5cfbcd646131e625f24818cbae228913
- name: github.com/prometheus/client_golang
  version: 7858729281ec582767b20e0d696b6041d995d5e0
  subpackages:
  - prometheus
  - prometheus/internal
  - prometheus/promhttp
- name: github.com/prometheus/client_model
  version: 5c3871d89910bfb32f5fcab2aa4b9ec68e65a99f
  subpackages:
  - go
- name: github.com/prometheus/common
  version: c7de2306084e37d54b8be01f3541a8464345e9a5
  subpackages:
  - expfmt
  - internal/bitbucket.org/ww/goautoneg
  - model
- name: github.com/prometheus/procfs
  version: 05ee40e3a273f7245e8777337fc7b46e533a9a92
  subpackages:
  - internal/util
  - nfs
  - xfs
- name: github.com/sean-/seed
  version: e2103e2c35297fb7e17febb81e49b312087a2372
- name: github.com/serialx/hashring
  version: 49a4782e9908fe098c907022a1bd7519c79803d6
- name: github.com/spf13/cobra
  version: ef82de70bb3f60c65fb8eebacbb2d122ef517385
- name: github.com/spf13/pflag
  version: 9a97c102cda95a86cec2345a6f09f55a939babf5
- name: golang.org/x/crypto
  version: df8d4716b3472e4a531c33cedbe537dae921a1a9
  subpackages:
  - ed25519
  - ed25519/internal/edwards25519
  - pbkdf2
- name: golang.org/x/net
  version: 1c05540f6879653db88113bc4a2b70aec4bd491f
  subpackages:
  - bpf
  - http2
  - http2/hpack
  - idna
  - internal/iana
  - internal/socket
  - ipv4
  - ipv6
  - lex/httplex
- name: golang.org/x/sys
  version: 95c6576299259db960f6c5b9b69ea52422860fce
  subpackages:
  - unix
- name: golang.org/x/text
  version: b19bf474d317b857955b12035d2c5acb57ce8b01
  subpackages:
  - secure/bidirule
  - transform
  - unicode/bidi
  - unicode/norm
- name: gopkg.in/square/go-jose.v2
  version: 8254d6c783765f38c8675fae4427a1fe73fbd09d
  subpackages:
  - cipher
  - json
  - jwt
testImports: []
